# This file was autogenerated by uv via the following command:
#    uv pip compile pyproject.toml -o requirements.lock --torch-backend=cu130 --python-version=3.12
absl-py==2.5.0
    # via
    #   chex
    #   optax
    #   orbax-checkpoint
accelerate==1.14.0
    # via
    #   kaggle-t4-stack-2026-08-28 (pyproject.toml)
    #   peft
    #   trl
addict==2.4.0
    # via sglang
agent-detector==1.1.0
    # via fastapi-cloud-cli
aiofile==3.12.3
    # via py-key-value-aio
aiofiles==25.1.0
    # via orbax-checkpoint
aiohappyeyeballs==2.7.1
    # via aiohttp
aiohttp==3.14.3
    # via
    #   fsspec
    #   sglang
    #   vllm
aiosignal==1.4.0
    # via aiohttp
annotated-doc==0.0.5
    # via
    #   fastapi
    #   typer
annotated-types==0.8.0
    # via pydantic
anthropic==1.2.0
    # via
    #   sglang
    #   vllm
antlr4-python3-runtime==4.9.3
    # via omegaconf
anyio==4.14.2
    # via
    #   anthropic
    #   gradio
    #   httpx
    #   httpx2
    #   mcp
    #   openai
    #   py-key-value-aio
    #   sse-starlette
    #   starlette
    #   watchfiles
apache-tvm-ffi==0.1.11
    # via
    #   flash-attn-4
    #   flashinfer-python
    #   quack-kernels
    #   sgl-deep-gemm
    #   sglang
    #   tilelang
    #   tokenspeed-mla
    #   vllm
    #   xgrammar
astor==0.8.1
    # via depyf
asttokens==3.0.2
    # via stack-data
attrs==26.1.0
    # via
    #   aiohttp
    #   cyclopts
    #   jsonschema
    #   jsonschema-path
    #   referencing
authlib==1.7.2
    # via fastmcp-slim
av==16.1.0
    # via sglang
beartype==0.22.9
    # via py-key-value-aio
bitsandbytes==0.50.2
    # via kaggle-t4-stack-2026-08-28 (pyproject.toml)
blake3==1.0.9
    # via vllm
blobfile==3.0.0
    # via sglang
brotli==1.2.0
    # via gradio
build==1.6.0
    # via sglang
cache-dit==1.3.0
    # via sglang
cachetools==7.1.7
    # via
    #   py-key-value-aio
    #   vllm
caio==0.12.2
    # via aiofile
cbor2==6.1.4
    # via vllm
certifi==2026.7.22
    # via
    #   httpcore
    #   httpx
    #   requests
    #   sentry-sdk
cffi==2.1.1
    # via
    #   cryptography
    #   soundfile
charset-normalizer==3.5.1
    # via requests
chex==0.1.92
    # via kaggle-t4-stack-2026-08-28 (pyproject.toml)
click==8.5.0
    # via
    #   flashinfer-python
    #   granian
    #   huggingface-hub
    #   rich-toolkit
    #   uvicorn
cloudpickle==3.1.2
    # via
    #   outlines
    #   sglang
    #   tilelang
    #   vllm
compressed-tensors==0.18.0
    # via
    #   --override (workspace)
    #   sglang
    #   vllm
cryptography==50.0.1
    # via
    #   authlib
    #   joserfc
    #   pyjwt
    #   secretstorage
cuda-bindings==13.3.1
    # via
    #   cuda-python
    #   humming-kernels
    #   torch
cuda-core==1.0.1
    # via
    #   cuda-python
    #   nccl4py
cuda-pathfinder==1.8.0
    # via
    #   cuda-bindings
    #   cuda-core
    #   cuda-python
    #   nccl4py
cuda-python==13.3.1
    # via
    #   flashinfer-python
    #   nvidia-cutlass-dsl-libs-base
    #   nvidia-cutlass-dsl-libs-core
    #   nvidia-cutlass-dsl-libs-cu12
    #   nvidia-cutlass-dsl-libs-cu13
    #   sglang
cuda-tile==1.6.0rc5
    # via
    #   flashinfer-python
    #   sglang
cuda-toolkit==13.0.3.0
    # via torch
cyclopts==4.23.3
    # via fastmcp-slim
datasets==5.0.1
    # via
    #   kaggle-t4-stack-2026-08-28 (pyproject.toml)
    #   sglang
    #   trl
decorator==5.3.1
    # via moviepy
deepspeed==0.19.6
    # via
    #   kaggle-t4-stack-2026-08-28 (pyproject.toml)
    #   accelerate
depyf==0.20.0
    # via vllm
detect-installer==0.1.0
    # via fastapi-cloud-cli
diffusers==0.37.0
    # via
    #   kaggle-t4-stack-2026-08-28 (pyproject.toml)
    #   cache-dit
    #   sglang
dill==0.4.1
    # via
    #   datasets
    #   depyf
    #   multiprocess
diskcache==5.6.3
    # via outlines
distro==1.9.0
    # via sglang
dnspython==2.8.0
    # via email-validator
docstring-parser==0.18.0
    # via
    #   anthropic
    #   cyclopts
easydict==1.13
    # via sglang
einops==0.8.2
    # via
    #   kaggle-t4-stack-2026-08-28 (pyproject.toml)
    #   deepspeed
    #   flash-attn-4
    #   flashinfer-python
    #   quack-kernels
    #   sglang
    #   vllm
email-validator==2.3.0
    # via
    #   fastapi
    #   pydantic
etils==1.14.0
    # via orbax-checkpoint
exceptiongroup==1.3.1
    # via fastmcp-slim
executing==2.2.1
    # via stack-data
fastapi==0.136.3
    # via
    #   gradio
    #   model-hosting-container-standards
    #   openenv
    #   sglang
    #   vllm
fastapi-cli==0.0.32
    # via fastapi
fastapi-cloud-cli==0.24.0
    # via fastapi-cli
fastar==0.12.0
    # via
    #   fastapi
    #   fastapi-cloud-cli
fastmcp==3.4.7
    # via openenv
fastmcp-slim==3.4.7
    # via fastmcp
fastsafetensors==0.3.3
    # via vllm
filelock==3.32.4
    # via
    #   blobfile
    #   datasets
    #   diffusers
    #   huggingface-hub
    #   modelscope
    #   modelscope-hub
    #   torch
    #   vllm
flash-attn-4==4.0.0b19
    # via sglang
flashinfer-python==0.6.17
    # via
    #   --override (workspace)
    #   sglang
    #   vllm
flax==0.12.9
    # via kaggle-t4-stack-2026-08-28 (pyproject.toml)
frozenlist==1.8.0
    # via
    #   aiohttp
    #   aiosignal
fsspec==2026.6.0
    # via
    #   datasets
    #   etils
    #   gradio-client
    #   huggingface-hub
    #   torch
genson==1.4.0
    # via outlines
gguf==0.19.0
    # via sglang
googleapis-common-protos==1.75.2
    # via
    #   opentelemetry-exporter-otlp-proto-grpc
    #   opentelemetry-exporter-otlp-proto-http
gradio==6.26.0
    # via openenv
gradio-client==2.6.1
    # via
    #   gradio
    #   hf-gradio
granian==2.8.2
    # via sglang
griffelib==2.2.0
    # via fastmcp-slim
groovy==0.1.2
    # via gradio
grpcio==1.83.1
    # via
    #   grpcio-health-checking
    #   grpcio-reflection
    #   opentelemetry-exporter-otlp-proto-grpc
    #   smg-grpc-proto
    #   smg-grpc-servicer
grpcio-health-checking==1.81.1
    # via smg-grpc-servicer
grpcio-reflection==1.81.1
    # via smg-grpc-servicer
h11==0.16.0
    # via
    #   httpcore
    #   httpcore2
    #   uvicorn
hf-gradio==0.4.1
    # via gradio
hf-xet==1.6.0
    # via huggingface-hub
hjson==3.1.0
    # via deepspeed
httpcore==1.0.9
    # via httpx
httpcore2==2.12.0
    # via httpx2
httptools==0.8.0
    # via uvicorn
httpx==0.28.1
    # via
    #   datasets
    #   diffusers
    #   fastapi
    #   fastapi-cloud-cli
    #   fastmcp-slim
    #   gradio
    #   gradio-client
    #   huggingface-hub
    #   mcp
    #   model-hosting-container-standards
    #   openenv
    #   safehttpx
httpx-sse==0.4.3
    # via mcp
httpx2==2.12.0
    # via
    #   anthropic
    #   openai
huggingface-hub==1.29.0
    # via
    #   kaggle-t4-stack-2026-08-28 (pyproject.toml)
    #   accelerate
    #   datasets
    #   diffusers
    #   gradio
    #   gradio-client
    #   kernels
    #   openenv
    #   optimum
    #   peft
    #   sentence-transformers
    #   timm
    #   tokenizers
    #   transformers
    #   vllm
humanize==4.16.0
    # via
    #   orbax-checkpoint
    #   runai-model-streamer
humming-kernels==0.1.12
    # via
    #   sglang
    #   vllm
idna==3.19
    # via
    #   anyio
    #   email-validator
    #   httpx
    #   httpx2
    #   requests
    #   yarl
ijson==3.5.1
    # via vllm
imageio==2.36.0
    # via
    #   moviepy
    #   scikit-image
    #   sglang
imageio-ffmpeg==0.5.1
    # via
    #   moviepy
    #   sglang
importlib-metadata==9.0.1
    # via diffusers
interegular==0.3.3
    # via
    #   lm-format-enforcer
    #   sglang
ipython==9.17.0
    # via sglang
ipython-pygments-lexers==1.1.1
    # via ipython
jaraco-classes==3.4.0
    # via keyring
jaraco-context==6.1.2
    # via keyring
jaraco-functools==4.6.0
    # via keyring
jax==0.11.1
    # via
    #   kaggle-t4-stack-2026-08-28 (pyproject.toml)
    #   chex
    #   flax
    #   optax
    #   orbax-checkpoint
jax-cuda12-pjrt==0.11.1
    # via jax-cuda12-plugin
jax-cuda12-plugin==0.11.1
    # via jax
jaxlib==0.11.1
    # via
    #   kaggle-t4-stack-2026-08-28 (pyproject.toml)
    #   chex
    #   jax
    #   optax
jaxtyping==0.3.11
    # via kaggle-t4-stack-2026-08-28 (pyproject.toml)
jedi==0.20.0
    # via ipython
jeepney==0.9.0
    # via
    #   keyring
    #   secretstorage
jinja2==3.1.6
    # via
    #   fastapi
    #   gradio
    #   humming-kernels
    #   outlines
    #   torch
    #   trl
jiter==0.16.0
    # via
    #   anthropic
    #   openai
jmespath==1.1.0
    # via model-hosting-container-standards
joblib==1.5.3
    # via scikit-learn
joserfc==1.7.4
    # via
    #   authlib
    #   fastmcp-slim
jsonref==1.1.0
    # via fastmcp-slim
jsonschema==4.26.0
    # via
    #   mcp
    #   mistral-common
    #   outlines
    #   vllm
jsonschema-path==0.5.0
    # via fastmcp-slim
jsonschema-specifications==2025.9.1
    # via jsonschema
kernels==0.14.1
    # via sglang
kernels-data==0.16.1
    # via kernels
keyring==25.7.0
    # via py-key-value-aio
lark==1.2.2
    # via vllm
lazy-loader==0.5
    # via scikit-image
liger-kernel==0.8.2
    # via kaggle-t4-stack-2026-08-28 (pyproject.toml)
llguidance==1.7.6
    # via
    #   sglang
    #   vllm
llvmlite==0.47.0
    # via numba
lm-format-enforcer==0.11.3
    # via vllm
loguru==0.7.3
    # via compressed-tensors
lxml==6.1.2
    # via blobfile
markdown-it-py==4.2.0
    # via rich
markupsafe==3.0.3
    # via
    #   gradio
    #   jinja2
matplotlib-inline==0.2.2
    # via ipython
mcp==1.29.1
    # via
    #   fastmcp-slim
    #   vllm
mdurl==0.1.2
    # via markdown-it-py
mistral-common==1.11.7
    # via
    #   sglang
    #   vllm
ml-dtypes==0.6.0
    # via
    #   jax
    #   jaxlib
    #   tensorstore
    #   tilelang
model-hosting-container-standards==0.1.16
    # via vllm
modelscope==1.39.1
    # via sglang
modelscope-hub==0.3.0
    # via modelscope
more-itertools==11.1.0
    # via
    #   jaraco-classes
    #   jaraco-functools
moviepy==2.2.1
    # via sglang
mpmath==1.3.0
    # via sympy
msgpack==1.2.2
    # via
    #   deepspeed
    #   flax
    #   orbax-checkpoint
    #   sglang
msgspec==0.21.1
    # via
    #   sglang
    #   vllm
multidict==6.7.1
    # via
    #   aiohttp
    #   yarl
multiprocess==0.70.19
    # via datasets
narwhals==2.25.0
    # via scikit-learn
nccl4py==0.4.1
    # via flashinfer-python
networkx==3.6.1
    # via
    #   scikit-image
    #   torch
ninja==1.13.0
    # via
    #   kaggle-t4-stack-2026-08-28 (pyproject.toml)
    #   deepspeed
    #   flashinfer-python
    #   nvidia-modelopt
    #   sglang
    #   vllm
numba==0.65.1
    # via
    #   --override (workspace)
    #   sglang
    #   vllm
numpy==2.3.5
    # via
    #   accelerate
    #   bitsandbytes
    #   chex
    #   cuda-core
    #   datasets
    #   deepspeed
    #   diffusers
    #   flashinfer-python
    #   flax
    #   gguf
    #   gradio
    #   humming-kernels
    #   imageio
    #   jax
    #   jaxlib
    #   mistral-common
    #   ml-dtypes
    #   moviepy
    #   nccl4py
    #   numba
    #   nvidia-cutlass-dsl-libs-base
    #   nvidia-cutlass-dsl-libs-core
    #   nvidia-cutlass-dsl-libs-cu12
    #   nvidia-cutlass-dsl-libs-cu13
    #   nvidia-modelopt
    #   opencv-python-headless
    #   optax
    #   optimum
    #   orbax-checkpoint
    #   pandas
    #   peft
    #   runai-model-streamer
    #   scikit-image
    #   scikit-learn
    #   scipy
    #   sentence-transformers
    #   sglang
    #   soundfile
    #   tensorstore
    #   tifffile
    #   tilelang
    #   torchvision
    #   transformers
    #   treescope
    #   trimesh
    #   vllm
    #   xformers
    #   xgrammar
nvidia-cublas==13.1.1.3
    # via
    #   cuda-toolkit
    #   nvidia-cudnn-cu13
    #   nvidia-cusolver
nvidia-cublas-cu12==12.9.2.10
    # via
    #   jax-cuda12-plugin
    #   nvidia-cudnn-cu12
    #   nvidia-cusolver-cu12
nvidia-cuda-cccl==13.3.3.4.1
    # via humming-kernels
nvidia-cuda-cccl-cu12==12.9.27
    # via nvidia-nvshmem-cu12
nvidia-cuda-crt==13.3.73
    # via nvidia-cuda-nvcc
nvidia-cuda-cupti==13.0.85
    # via cuda-toolkit
nvidia-cuda-cupti-cu12==12.9.79
    # via jax-cuda12-plugin
nvidia-cuda-nvcc==13.3.73
    # via humming-kernels
nvidia-cuda-nvcc-cu12==12.9.86
    # via jax-cuda12-plugin
nvidia-cuda-nvdisasm==13.3.73
    # via
    #   nvidia-cutlass-dsl-libs-base
    #   nvidia-cutlass-dsl-libs-core
    #   nvidia-cutlass-dsl-libs-cu12
    #   nvidia-cutlass-dsl-libs-cu13
nvidia-cuda-nvrtc==13.0.88
    # via
    #   cuda-toolkit
    #   humming-kernels
    #   nvidia-cublas
nvidia-cuda-nvrtc-cu12==12.9.86
    # via
    #   jax-cuda12-plugin
    #   nvidia-cublas-cu12
nvidia-cuda-runtime==13.0.96
    # via
    #   cuda-toolkit
    #   humming-kernels
    #   nvidia-cuda-nvcc
nvidia-cuda-runtime-cu12==12.9.79
    # via jax-cuda12-plugin
nvidia-cudnn-cu12==9.24.0.43
    # via jax-cuda12-plugin
nvidia-cudnn-cu13==9.20.0.48
    # via torch
nvidia-cudnn-frontend==1.27.0
    # via
    #   flashinfer-python
    #   vllm
nvidia-cufft==12.0.0.61
    # via cuda-toolkit
nvidia-cufft-cu12==11.4.1.4
    # via jax-cuda12-plugin
nvidia-cufile==1.15.1.6
    # via cuda-toolkit
nvidia-curand==10.4.0.35
    # via cuda-toolkit
nvidia-cusolver==12.0.4.66
    # via cuda-toolkit
nvidia-cusolver-cu12==11.7.5.82
    # via jax-cuda12-plugin
nvidia-cusparse==12.6.3.3
    # via
    #   cuda-toolkit
    #   nvidia-cusolver
nvidia-cusparse-cu12==12.5.10.65
    # via
    #   jax-cuda12-plugin
    #   nvidia-cusolver-cu12
nvidia-cusparselt-cu13==0.8.1
    # via torch
nvidia-cutlass-dsl==4.6.2
    # via
    #   flash-attn-4
    #   flashinfer-python
    #   quack-kernels
    #   sglang
    #   tokenspeed-mla
    #   vllm
nvidia-cutlass-dsl-libs-base==4.6.2
    # via
    #   nvidia-cutlass-dsl
    #   nvidia-cutlass-dsl-libs-cu12
    #   nvidia-cutlass-dsl-libs-cu13
nvidia-cutlass-dsl-libs-core==4.6.2
    # via nvidia-cutlass-dsl-libs-base
nvidia-cutlass-dsl-libs-cu12==4.6.2
    # via nvidia-cutlass-dsl
nvidia-cutlass-dsl-libs-cu13==4.6.2
    # via nvidia-cutlass-dsl
nvidia-mathdx==25.6.0
    # via sglang
nvidia-ml-py==13.610.43
    # via
    #   flashinfer-python
    #   humming-kernels
    #   nvidia-modelopt
    #   sgl-deep-ep
    #   sglang
nvidia-modelopt==0.46.0
    # via sglang
nvidia-nccl-cu12==2.31.2
    # via jax-cuda12-plugin
nvidia-nccl-cu13==2.29.7
    # via torch
nvidia-nvjitlink==13.3.33
    # via
    #   cuda-toolkit
    #   nvidia-cufft
    #   nvidia-cusolver
    #   nvidia-cusparse
nvidia-nvjitlink-cu12==12.9.86
    # via
    #   jax-cuda12-plugin
    #   nvidia-cufft-cu12
    #   nvidia-cusolver-cu12
    #   nvidia-cusparse-cu12
nvidia-nvshmem-cu12==3.7.2
    # via jax-cuda12-plugin
nvidia-nvshmem-cu13==3.4.5
    # via torch
nvidia-nvtx==13.0.85
    # via cuda-toolkit
nvidia-nvvm==13.3.73
    # via nvidia-cuda-nvcc
nvtx==0.2.15
    # via vllm
omegaconf==2.3.1
    # via nvidia-modelopt
openai==3.5.0
    # via
    #   --override (workspace)
    #   openenv
    #   sglang
    #   vllm
openai-harmony==0.0.4
    # via
    #   sglang
    #   vllm
openapi-pydantic==0.5.1
    # via fastmcp-slim
opencv-python-headless==5.0.0.93
    # via
    #   --override (workspace)
    #   mistral-common
    #   sglang
    #   vllm
openenv==0.4.1
    # via kaggle-t4-stack-2026-08-28 (pyproject.toml)
opentelemetry-api==1.44.0
    # via
    #   fastmcp-slim
    #   opentelemetry-exporter-otlp-proto-grpc
    #   opentelemetry-exporter-otlp-proto-http
    #   opentelemetry-sdk
    #   opentelemetry-semantic-conventions
    #   sglang
    #   vllm
opentelemetry-exporter-otlp==1.44.0
    # via
    #   sglang
    #   vllm
opentelemetry-exporter-otlp-proto-common==1.44.0
    # via
    #   opentelemetry-exporter-otlp-proto-grpc
    #   opentelemetry-exporter-otlp-proto-http
opentelemetry-exporter-otlp-proto-grpc==1.44.0
    # via
    #   opentelemetry-exporter-otlp
    #   sglang
opentelemetry-exporter-otlp-proto-http==1.44.0
    # via opentelemetry-exporter-otlp
opentelemetry-proto==1.44.0
    # via
    #   opentelemetry-exporter-otlp-proto-common
    #   opentelemetry-exporter-otlp-proto-grpc
    #   opentelemetry-exporter-otlp-proto-http
opentelemetry-sdk==1.44.0
    # via
    #   opentelemetry-exporter-otlp-proto-grpc
    #   opentelemetry-exporter-otlp-proto-http
    #   opentelemetry-semantic-conventions-ai
    #   sglang
    #   vllm
opentelemetry-semantic-conventions==0.65b0
    # via
    #   opentelemetry-sdk
    #   opentelemetry-semantic-conventions-ai
opentelemetry-semantic-conventions-ai==0.5.1
    # via vllm
opt-einsum==3.4.0
    # via jax
optax==0.2.8
    # via
    #   kaggle-t4-stack-2026-08-28 (pyproject.toml)
    #   flax
optimum==2.3.0
    # via kaggle-t4-stack-2026-08-28 (pyproject.toml)
orbax-checkpoint==0.12.4
    # via
    #   kaggle-t4-stack-2026-08-28 (pyproject.toml)
    #   flax
orjson==3.12.0
    # via
    #   gradio
    #   sglang
outlines==1.3.3
    # via
    #   --override (workspace)
    #   sglang
outlines-core==0.2.14
    # via
    #   outlines
    #   vllm
packaging==26.3
    # via
    #   kaggle-t4-stack-2026-08-28 (pyproject.toml)
    #   accelerate
    #   bitsandbytes
    #   build
    #   datasets
    #   deepspeed
    #   fastmcp-slim
    #   flashinfer-python
    #   gradio
    #   gradio-client
    #   huggingface-hub
    #   kernels
    #   lazy-loader
    #   lm-format-enforcer
    #   modelscope
    #   nccl4py
    #   nvidia-modelopt
    #   optimum
    #   peft
    #   scikit-image
    #   sglang
    #   transformers
    #   trl
    #   wheel
pandas==3.0.5
    # via
    #   datasets
    #   gradio
parso==0.8.7
    # via jedi
partial-json-parser==0.2.1.1.post7
    # via
    #   sglang
    #   vllm
pathable==0.6.0
    # via jsonschema-path
peft==0.20.0
    # via kaggle-t4-stack-2026-08-28 (pyproject.toml)
pexpect==4.9.0
    # via ipython
pillow==11.3.0
    # via
    #   diffusers
    #   gradio
    #   imageio
    #   mistral-common
    #   moviepy
    #   outlines
    #   scikit-image
    #   sglang
    #   torchvision
    #   vllm
platformdirs==4.11.5
    # via fastmcp-slim
proglog==0.1.12
    # via moviepy
prometheus-client==0.26.0
    # via
    #   orbax-checkpoint
    #   prometheus-fastapi-instrumentator
    #   sglang
    #   vllm
prometheus-fastapi-instrumentator==8.1.0
    # via vllm
prompt-toolkit==3.0.53
    # via ipython
propcache==0.5.2
    # via
    #   aiohttp
    #   yarl
protobuf==6.33.6
    # via
    #   googleapis-common-protos
    #   grpcio-health-checking
    #   grpcio-reflection
    #   nvidia-cutlass-dsl-libs-base
    #   nvidia-cutlass-dsl-libs-core
    #   nvidia-cutlass-dsl-libs-cu12
    #   nvidia-cutlass-dsl-libs-cu13
    #   opentelemetry-proto
    #   orbax-checkpoint
    #   smg-grpc-proto
    #   vllm
psutil==7.2.2
    # via
    #   kaggle-t4-stack-2026-08-28 (pyproject.toml)
    #   accelerate
    #   compressed-tensors
    #   deepspeed
    #   ipython
    #   orbax-checkpoint
    #   peft
    #   sglang
    #   tilelang
    #   vllm
ptyprocess==0.7.0
    # via pexpect
pulp==3.3.2
    # via nvidia-modelopt
pure-eval==0.2.3
    # via stack-data
py-cpuinfo==9.0.0
    # via
    #   deepspeed
    #   vllm
py-key-value-aio==0.4.5
    # via fastmcp-slim
py-spy==0.4.2
    # via sglang
pyarrow==25.0.1
    # via datasets
pybase64==1.5.0
    # via
    #   sglang
    #   vllm
pycountry==26.2.16
    # via pydantic-extra-types
pycparser==3.0
    # via cffi
pycryptodomex==3.23.0
    # via blobfile
pydantic==2.13.5
    # via
    #   anthropic
    #   compressed-tensors
    #   deepspeed
    #   fastapi
    #   fastapi-cloud-cli
    #   fastmcp-slim
    #   gradio
    #   lm-format-enforcer
    #   mcp
    #   mistral-common
    #   model-hosting-container-standards
    #   nvidia-modelopt
    #   openai
    #   openai-harmony
    #   openapi-pydantic
    #   openenv
    #   outlines
    #   pydantic-extra-types
    #   pydantic-settings
    #   sglang
    #   vllm
    #   xgrammar
pydantic-core==2.46.5
    # via pydantic
pydantic-extra-types==2.11.1
    # via
    #   fastapi
    #   mistral-common
pydantic-settings==2.15.0
    # via
    #   fastapi
    #   fastmcp-slim
    #   mcp
pydub==0.25.1
    # via gradio
pygments==2.21.0
    # via
    #   ipython
    #   ipython-pygments-lexers
    #   rich
    #   rich-rst
pyjwt==2.13.0
    # via mcp
pynvvideocodec==2.0.4
    # via vllm
pyperclip==1.11.0
    # via fastmcp-slim
pyproject-hooks==1.2.0
    # via build
python-dateutil==2.9.0.post0
    # via pandas
python-dotenv==1.2.3
    # via
    #   fastmcp-slim
    #   moviepy
    #   pydantic-settings
    #   uvicorn
python-json-logger==4.2.0
    # via vllm
python-multipart==0.0.32
    # via
    #   fastapi
    #   fastmcp-slim
    #   gradio
    #   mcp
    #   sglang
pytz==2026.3.post1
    # via gradio
pyyaml==6.0.1
    # via
    #   accelerate
    #   cache-dit
    #   datasets
    #   fastmcp-slim
    #   flax
    #   gguf
    #   gradio
    #   huggingface-hub
    #   jsonschema-path
    #   kernels
    #   lm-format-enforcer
    #   nvidia-modelopt
    #   omegaconf
    #   openenv
    #   orbax-checkpoint
    #   peft
    #   sglang
    #   timm
    #   transformers
    #   uvicorn
    #   vllm
pyzmq==27.2.0
    # via
    #   sglang
    #   vllm
quack-kernels==0.6.4
    # via
    #   flash-attn-4
    #   sglang
    #   vllm
referencing==0.37.0
    # via
    #   jsonschema
    #   jsonschema-path
    #   jsonschema-specifications
regex==2026.7.19
    # via
    #   diffusers
    #   nvidia-modelopt
    #   tiktoken
    #   transformers
    #   vllm
remote-pdb==2.1.0
    # via sglang
requests==2.34.2
    # via
    #   datasets
    #   diffusers
    #   flashinfer-python
    #   gguf
    #   mistral-common
    #   modelscope
    #   modelscope-hub
    #   openenv
    #   opentelemetry-exporter-otlp-proto-http
    #   sglang
    #   tiktoken
    #   vllm
rich==15.0.0
    # via
    #   cyclopts
    #   fastmcp-slim
    #   flax
    #   nvidia-modelopt
    #   openenv
    #   rich-rst
    #   rich-toolkit
    #   typer
rich-rst==2.1.0
    # via cyclopts
rich-toolkit==0.20.3
    # via
    #   fastapi-cli
    #   fastapi-cloud-cli
rignore==0.8.1
    # via fastapi-cloud-cli
rpds-py==2026.6.3
    # via
    #   jsonschema
    #   referencing
runai-model-streamer==0.16.1
    # via sglang
safehttpx==0.1.7
    # via gradio
safetensors==0.8.0
    # via
    #   accelerate
    #   diffusers
    #   humming-kernels
    #   nvidia-modelopt
    #   peft
    #   timm
    #   transformers
    #   vllm
scikit-image==0.25.2
    # via sglang
scikit-learn==1.9.0
    # via sentence-transformers
scipy==1.18.1
    # via
    #   jax
    #   jaxlib
    #   nvidia-modelopt
    #   scikit-image
    #   scikit-learn
    #   sentence-transformers
    #   sglang
secretstorage==3.5.0
    # via keyring
semantic-version==2.10.0
    # via gradio
sentence-transformers==6.0.0
    # via kaggle-t4-stack-2026-08-28 (pyproject.toml)
sentencepiece==0.2.2
    # via
    #   sglang
    #   vllm
sentry-sdk==2.68.1
    # via fastapi-cloud-cli
setproctitle==1.3.7
    # via
    #   sglang
    #   vllm
setuptools==80.10.2
    # via
    #   kaggle-t4-stack-2026-08-28 (pyproject.toml)
    #   imageio-ffmpeg
    #   model-hosting-container-standards
    #   modelscope
    #   nvidia-modelopt
    #   torch
    #   vllm
sgl-deep-ep==0.1.2
    # via sglang
sgl-deep-gemm==0.1.5.post3
    # via sglang
sglang @ git+https://github.com/sgl-project/sglang.git@8e04f66a7046fa083cda3f5b8e8325632a5af8fd#subdirectory=python
    # via kaggle-t4-stack-2026-08-28 (pyproject.toml)
sglang-kernel==0.4.6.post1
    # via sglang
shellingham==1.5.4
    # via typer
simplejson==4.1.2
    # via orbax-checkpoint
six==1.17.0
    # via
    #   python-dateutil
    #   vllm
smg-grpc-proto==0.4.16
    # via smg-grpc-servicer
smg-grpc-servicer==0.9.1
    # via sglang
sniffio==1.3.1
    # via
    #   anthropic
    #   openai
soundfile==0.13.1
    # via sglang
sse-starlette==3.4.8
    # via mcp
st-attn==0.0.7
    # via sglang
stack-data==0.6.3
    # via ipython
starlette==1.6.0
    # via
    #   fastapi
    #   fastmcp-slim
    #   gradio
    #   mcp
    #   model-hosting-container-standards
    #   prometheus-fastapi-instrumentator
    #   sse-starlette
    #   vllm
supervisor==4.3.0
    # via model-hosting-container-standards
sympy==1.14.0
    # via torch
tabulate==0.10.0
    # via
    #   flashinfer-python
    #   humming-kernels
tensorstore==0.1.85
    # via
    #   flax
    #   orbax-checkpoint
threadpoolctl==3.6.0
    # via scikit-learn
tifffile==2026.8.23
    # via scikit-image
tiktoken==0.14.0
    # via
    #   mistral-common
    #   sglang
    #   vllm
tilelang==0.1.12
    # via
    #   sglang
    #   vllm
timm==1.0.16
    # via
    #   kaggle-t4-stack-2026-08-28 (pyproject.toml)
    #   sglang
tokenizers==0.22.2
    # via
    #   sentence-transformers
    #   sglang
    #   transformers
    #   vllm
tokenspeed-mla==0.1.8
    # via
    #   sglang
    #   vllm
tokenspeed-triton==3.8.10.post20260721
    # via tokenspeed-mla
tomli==2.4.1
    # via openenv
tomli-w==1.2.0
    # via openenv
tomlkit==0.14.0
    # via
    #   gradio
    #   kernels
toolz==1.1.0
    # via chex
torch==2.13.0+cu130
    # via
    #   kaggle-t4-stack-2026-08-28 (pyproject.toml)
    #   accelerate
    #   bitsandbytes
    #   cache-dit
    #   compressed-tensors
    #   deepspeed
    #   flash-attn-4
    #   flashinfer-python
    #   humming-kernels
    #   liger-kernel
    #   nvidia-modelopt
    #   optimum
    #   peft
    #   quack-kernels
    #   runai-model-streamer
    #   sentence-transformers
    #   sgl-deep-ep
    #   sglang
    #   st-attn
    #   tilelang
    #   timm
    #   tokenspeed-mla
    #   torch-c-dlpack-ext
    #   torchvision
    #   vllm
    #   vsa
    #   xformers
    #   xgrammar
torch-c-dlpack-ext==0.1.5
    # via
    #   flash-attn-4
    #   quack-kernels
    #   tilelang
torch-memory-saver==0.0.9.post1
    # via sglang
torchao==0.18.0+cu130
    # via kaggle-t4-stack-2026-08-28 (pyproject.toml)
torchaudio==2.11.0+cu130
    # via
    #   kaggle-t4-stack-2026-08-28 (pyproject.toml)
    #   sglang
    #   vllm
torchcodec==0.15.0+cu130
    # via
    #   sglang
    #   vllm
torchvision==0.28.0+cu130
    # via
    #   kaggle-t4-stack-2026-08-28 (pyproject.toml)
    #   sglang
    #   timm
    #   vllm
tqdm==4.70.0
    # via
    #   datasets
    #   deepspeed
    #   flashinfer-python
    #   gguf
    #   huggingface-hub
    #   humming-kernels
    #   modelscope
    #   modelscope-hub
    #   nvidia-modelopt
    #   peft
    #   proglog
    #   sentence-transformers
    #   sglang
    #   tilelang
    #   transformers
    #   vllm
traitlets==5.16.1
    # via
    #   ipython
    #   matplotlib-inline
transformers==5.12.1
    # via
    #   kaggle-t4-stack-2026-08-28 (pyproject.toml)
    #   cache-dit
    #   compressed-tensors
    #   optimum
    #   peft
    #   sentence-transformers
    #   sglang
    #   trl
    #   vllm
    #   xgrammar
treescope==0.1.10
    # via flax
trimesh==5.0.0
    # via sglang
triton==3.7.1
    # via
    #   kaggle-t4-stack-2026-08-28 (pyproject.toml)
    #   humming-kernels
    #   liger-kernel
    #   torch
    #   xgrammar
trl==1.12.0
    # via kaggle-t4-stack-2026-08-28 (pyproject.toml)
truststore==0.10.4
    # via
    #   httpcore2
    #   httpx2
typer==0.27.2
    # via
    #   fastapi-cli
    #   fastapi-cloud-cli
    #   fastsafetensors
    #   gradio
    #   hf-gradio
    #   openenv
    #   transformers
typing-extensions==4.16.0
    # via
    #   aiohttp
    #   aiosignal
    #   anthropic
    #   anyio
    #   apache-tvm-ffi
    #   chex
    #   cuda-tile
    #   etils
    #   exceptiongroup
    #   fastapi
    #   fastmcp-slim
    #   flash-attn-4
    #   flax
    #   gradio
    #   gradio-client
    #   grpcio
    #   httpx2
    #   huggingface-hub
    #   mcp
    #   mistral-common
    #   nvidia-cutlass-dsl-libs-base
    #   nvidia-cutlass-dsl-libs-core
    #   nvidia-cutlass-dsl-libs-cu12
    #   nvidia-cutlass-dsl-libs-cu13
    #   openai
    #   openenv
    #   opentelemetry-api
    #   opentelemetry-exporter-otlp-proto-grpc
    #   opentelemetry-exporter-otlp-proto-http
    #   opentelemetry-sdk
    #   opentelemetry-semantic-conventions
    #   orbax-checkpoint
    #   outlines
    #   py-key-value-aio
    #   pydantic
    #   pydantic-core
    #   pydantic-extra-types
    #   referencing
    #   rich-toolkit
    #   sentence-transformers
    #   starlette
    #   tilelang
    #   torch
    #   typing-inspection
    #   vllm
    #   xgrammar
typing-inspection==0.4.4
    # via
    #   fastapi
    #   mcp
    #   pydantic
    #   pydantic-settings
uncalled-for==0.4.0
    # via fastmcp-slim
urllib3==2.7.0
    # via
    #   blobfile
    #   modelscope
    #   modelscope-hub
    #   requests
    #   sentry-sdk
uv==0.12.7
    # via kaggle-t4-stack-2026-08-28 (pyproject.toml)
uvicorn==0.52.4
    # via
    #   fastapi
    #   fastapi-cli
    #   fastapi-cloud-cli
    #   fastmcp-slim
    #   gradio
    #   mcp
    #   openenv
    #   sglang
uvloop==0.22.1
    # via
    #   orbax-checkpoint
    #   sglang
    #   uvicorn
vllm==0.28.0
    # via kaggle-t4-stack-2026-08-28 (pyproject.toml)
vsa==0.0.4
    # via sglang
wadler-lindig==0.1.7
    # via jaxtyping
watchfiles==1.2.0
    # via
    #   fastmcp-slim
    #   sglang
    #   uvicorn
    #   vllm
wcwidth==0.8.2
    # via prompt-toolkit
websockets==17.1
    # via
    #   fastmcp-slim
    #   openenv
    #   sglang
    #   uvicorn
wheel==0.48.0
    # via kaggle-t4-stack-2026-08-28 (pyproject.toml)
xatlas==0.0.11
    # via sglang
xformers==0.0.35
    # via kaggle-t4-stack-2026-08-28 (pyproject.toml)
xgrammar==0.2.1
    # via
    #   sglang
    #   vllm
xxhash==4.0.1
    # via
    #   datasets
    #   sglang
yarl==1.24.5
    # via aiohttp
z3-solver==4.15.4.0
    # via tilelang
zipp==4.1.0
    # via
    #   etils
    #   importlib-metadata
zstandard==0.25.0
    # via sglang
